
Microsoft Visual Studio Solution File, Format Version 12.00
# Visual Studio Version 17
VisualStudioVersion = 17.7.34221.43
MinimumVisualStudioVersion = 10.0.40219.1
Project("{FAE04EC0-301F-11D3-BF4B-00C04F79EFBC}") = "Mid_Project", "Mid_Project\Mid_Project.csproj", "{51E9974A-D299-4063-BBED-8EDC4D4A8E29}"
EndProject
Global
	GlobalSection(SolutionConfigurationPlatforms) = preSolution
		Debug|Any CPU = Debug|Any CPU
		Release|Any CPU = Release|Any CPU
	EndGlobalSection
	GlobalSection(ProjectConfigurationPlatforms) = postSolution
		{51E9974A-D299-4063-BBED-8EDC4D4A8E29}.Debug|Any CPU.ActiveCfg = Debug|Any CPU
		{51E9974A-D299-4063-BBED-8EDC4D4A8E29}.Debug|Any CPU.Build.0 = Debug|Any CPU
		{51E9974A-D299-4063-BBED-8EDC4D4A8E29}.Release|Any CPU.ActiveCfg = Release|Any CPU
		{51E9974A-D299-4063-BBED-8EDC4D4A8E29}.Release|Any CPU.Build.0 = Release|Any CPU
	EndGlobalSection
	GlobalSection(SolutionProperties) = preSolution
		HideSolutionNode = FALSE
	EndGlobalSection
	GlobalSection(ExtensibilityGlobals) = postSolution
		SolutionGuid = {CA6C0ACB-1047-4AFB-AF3F-CE10B475B05D}
	EndGlobalSection
EndGlobal
